
Microsoft Visual Studio Solution File, Format Version 12.00
# Visual Studio Version 16
VisualStudioVersion = 16.0.30309.148
MinimumVisualStudioVersion = 10.0.40219.1
Project("{FAE04EC0-301F-11D3-BF4B-00C04F79EFBC}") = "Praca z lekcji 11", "Praca z lekcji 11\Praca z lekcji 11.csproj", "{EC4D2B1F-DFEB-46E1-ADC3-DB8ACCBD0F46}"
EndProject
Global
	GlobalSection(SolutionConfigurationPlatforms) = preSolution
		Debug|Any CPU = Debug|Any CPU
		Release|Any CPU = Release|Any CPU
	EndGlobalSection
	GlobalSection(ProjectConfigurationPlatforms) = postSolution
		{EC4D2B1F-DFEB-46E1-ADC3-DB8ACCBD0F46}.Debug|Any CPU.ActiveCfg = Debug|Any CPU
		{EC4D2B1F-DFEB-46E1-ADC3-DB8ACCBD0F46}.Debug|Any CPU.Build.0 = Debug|Any CPU
		{EC4D2B1F-DFEB-46E1-ADC3-DB8ACCBD0F46}.Release|Any CPU.ActiveCfg = Release|Any CPU
		{EC4D2B1F-DFEB-46E1-ADC3-DB8ACCBD0F46}.Release|Any CPU.Build.0 = Release|Any CPU
	EndGlobalSection
	GlobalSection(SolutionProperties) = preSolution
		HideSolutionNode = FALSE
	EndGlobalSection
	GlobalSection(ExtensibilityGlobals) = postSolution
		SolutionGuid = {50B623C4-9EFF-4CE7-B56B-28210427B428}
	EndGlobalSection
EndGlobal
